<Solution>
	<Folder Name="/.misc/">
		<File Path="../.gitignore" />
		<File Path="Directory.Packages.props" />
	</Folder>
	<Folder Name="/src/">
		<Project Path="src/TinyViz.Renderer/TinyViz.Renderer.csproj" />
	</Folder>
	<Folder Name="/test/">
		<Project Path="test/Unit.TinyViz.Renderer/Unit.TinyViz.Renderer.csproj" />
	</Folder>
	<Folder Name="/test/.misc/" />
</Solution>
